github.com/gbrlsnchs/color v0.1.0 h1:kqGI5bcsfjpkIhVL1g4IpuCA5DL+lnF1mFy8XZ7ffKg=
github.com/gbrlsnchs/color v0.1.0/go.mod h1:DqmJ75IHg1obs9e8r0r7Q691hcywJBRUYtbxu/rBuWg=
github.com/gbrlsnchs/radix v1.0.0 h1:z0HafxDLhD8mWXiVb3Zo1TB9zJerNNIKBb+BMr071PQ=
github.com/gbrlsnchs/radix v1.0.0/go.mod h1:Rv0ueYu+grgwp1/ea0UUKeUlqMOqRXzf/3Ud2hFLB+E=
github.com/pkg/errors v0.8.1 h1:iURUrRGxPUNPdy5/HRSm+Yj6okJ6UtLINN0Q9M4+h3I=
github.com/pkg/errors v0.8.1/go.mod h1:bwawxfHBFNV+L2hUp1rHADufV3IMtnDRdf1r5NINEl0=
